// !$*UTF8*$!
{
	archiveVersion = 1;
	classes = {
	};
	objectVersion = 46;
	objects = {

/* Begin PBXBuildFile section */
		794218991A355F6700F90264 /* main.m in Sources */ = {isa = PBXBuildFile; fileRef = 794218981A355F6700F90264 /* main.m */; };
		7942189C1A355F6700F90264 /* AppDelegate.m in Sources */ = {isa = PBXBuildFile; fileRef = 7942189B1A355F6700F90264 /* AppDelegate.m */; };
		7942189E1A355F6700F90264 /* Images.xcassets in Resources */ = {isa = PBXBuildFile; fileRef = 7942189D1A355F6700F90264 /* Images.xcassets */; };
		794218A11A355F6700F90264 /* LaunchScreen.xib in Resources */ = {isa = PBXBuildFile; fileRef = 7942189F1A355F6700F90264 /* LaunchScreen.xib */; };
		794218AD1A355F6700F90264 /* WelcomePageTests.m in Sources */ = {isa = PBXBuildFile; fileRef = 794218AC1A355F6700F90264 /* WelcomePageTests.m */; };
		794218B81A355FBA00F90264 /* RootViewController.m in Sources */ = {isa = PBXBuildFile; fileRef = 794218B71A355FBA00F90264 /* RootViewController.m */; };
		794218BB1A35600300F90264 /* WelcomeViewController.m in Sources */ = {isa = PBXBuildFile; fileRef = 794218BA1A35600300F90264 /* WelcomeViewController.m */; };
/* End PBXBuildFile section */

/* Begin PBXContainerItemProxy section */
		794218A71A355F6700F90264 /* PBXContainerItemProxy */ = {
			isa = PBXContainerItemProxy;
			containerPortal = 7942188B1A355F6700F90264 /* Project object */;
			proxyType = 1;
			remoteGlobalIDString = 794218921A355F6700F90264;
			remoteInfo = WelcomePage;
		};
/* End PBXContainerItemProxy section */

/* Begin PBXFileReference section */
		794218931A355F6700F90264 /* WelcomePage.app */ = {isa = PBXFileReference; explicitFileType = wrapper.application; includeInIndex = 0; path = WelcomePage.app; sourceTree = BUILT_PRODUCTS_DIR; };
		794218971A355F6700F90264 /* Info.plist */ = {isa = PBXFileReference; lastKnownFileType = text.plist.xml; path = Info.plist; sourceTree = "<group>"; };
		794218981A355F6700F90264 /* main.m */ = {isa = PBXFileReference; lastKnownFileType = sourcecode.c.objc; path = main.m; sourceTree = "<group>"; };
		7942189A1A355F6700F90264 /* AppDelegate.h */ = {isa = PBXFileReference; lastKnownFileType = sourcecode.c.h; path = AppDelegate.h; sourceTree = "<group>"; };
		7942189B1A355F6700F90264 /* AppDelegate.m */ = {isa = PBXFileReference; lastKnownFileType = sourcecode.c.objc; path = AppDelegate.m; sourceTree = "<group>"; };
		7942189D1A355F6700F90264 /* Images.xcassets */ = {isa = PBXFileReference; lastKnownFileType = folder.assetcatalog; path = Images.xcassets; sourceTree = "<group>"; };
		794218A01A355F6700F90264 /* Base */ = {isa = PBXFileReference; lastKnownFileType = file.xib; name = Base; path = Base.lproj/LaunchScreen.xib; sourceTree = "<group>"; };
		794218A61A355F6700F90264 /* WelcomePageTests.xctest */ = {isa = PBXFileReference; explicitFileType = wrapper.cfbundle; includeInIndex = 0; path = WelcomePageTests.xctest; sourceTree = BUILT_PRODUCTS_DIR; };
		794218AB1A355F6700F90264 /* Info.plist */ = {isa = PBXFileReference; lastKnownFileType = text.plist.xml; path = Info.plist; sourceTree = "<group>"; };
		794218AC1A355F6700F90264 /* WelcomePageTests.m */ = {isa = PBXFileReference; lastKnownFileType = sourcecode.c.objc; path = WelcomePageTests.m; sourceTree = "<group>"; };
		794218B61A355FBA00F90264 /* RootViewController.h */ = {isa = PBXFileReference; fileEncoding = 4; lastKnownFileType = sourcecode.c.h; path = RootViewController.h; sourceTree = "<group>"; };
		794218B71A355FBA00F90264 /* RootViewController.m */ = {isa = PBXFileReference; fileEncoding = 4; lastKnownFileType = sourcecode.c.objc; path = RootViewController.m; sourceTree = "<group>"; };
		794218B91A35600300F90264 /* WelcomeViewController.h */ = {isa = PBXFileReference; fileEncoding = 4; lastKnownFileType = sourcecode.c.h; path = WelcomeViewController.h; sourceTree = "<group>"; };
		794218BA1A35600300F90264 /* WelcomeViewController.m */ = {isa = PBXFileReference; fileEncoding = 4; lastKnownFileType = sourcecode.c.objc; path = WelcomeViewController.m; sourceTree = "<group>"; };
		794218BC1A35616600F90264 /* PrefixHeader.pch */ = {isa = PBXFileReference; lastKnownFileType = sourcecode.c.h; path = PrefixHeader.pch; sourceTree = "<group>"; };
/* End PBXFileReference section */

/* Begin PBXFrameworksBuildPhase section */
		794218901A355F6700F90264 /* Frameworks */ = {
			isa = PBXFrameworksBuildPhase;
			buildActionMask = 2147483647;
			files = (
			);
			runOnlyForDeploymentPostprocessing = 0;
		};
		794218A31A355F6700F90264 /* Frameworks */ = {
			isa = PBXFrameworksBuildPhase;
			buildActionMask = 2147483647;
			files = (
			);
			runOnlyForDeploymentPostprocessing = 0;
		};
/* End PBXFrameworksBuildPhase section */

/* Begin PBXGroup section */
		7942188A1A355F6700F90264 = {
			isa = PBXGroup;
			children = (
				794218951A355F6700F90264 /* WelcomePage */,
				794218A91A355F6700F90264 /* WelcomePageTests */,
				794218941A355F6700F90264 /* Products */,
			);
			sourceTree = "<group>";
		};
		794218941A355F6700F90264 /* Products */ = {
			isa = PBXGroup;
			children = (
				794218931A355F6700F90264 /* WelcomePage.app */,
				794218A61A355F6700F90264 /* WelcomePageTests.xctest */,
			);
			name = Products;
			sourceTree = "<group>";
		};
		794218951A355F6700F90264 /* WelcomePage */ = {
			isa = PBXGroup;
			children = (
				7942189A1A355F6700F90264 /* AppDelegate.h */,
				7942189B1A355F6700F90264 /* AppDelegate.m */,
				794218B61A355FBA00F90264 /* RootViewController.h */,
				794218B71A355FBA00F90264 /* RootViewController.m */,
				794218B91A35600300F90264 /* WelcomeViewController.h */,
				794218BA1A35600300F90264 /* WelcomeViewController.m */,
				7942189D1A355F6700F90264 /* Images.xcassets */,
				7942189F1A355F6700F90264 /* LaunchScreen.xib */,
				794218961A355F6700F90264 /* Supporting Files */,
			);
			path = WelcomePage;
			sourceTree = "<group>";
		};
		794218961A355F6700F90264 /* Supporting Files */ = {
			isa = PBXGroup;
			children = (
				794218971A355F6700F90264 /* Info.plist */,
				794218981A355F6700F90264 /* main.m */,
				794218BC1A35616600F90264 /* PrefixHeader.pch */,
			);
			name = "Supporting Files";
			sourceTree = "<group>";
		};
		794218A91A355F6700F90264 /* WelcomePageTests */ = {
			isa = PBXGroup;
			children = (
				794218AC1A355F6700F90264 /* WelcomePageTests.m */,
				794218AA1A355F6700F90264 /* Supporting Files */,
			);
			path = WelcomePageTests;
			sourceTree = "<group>";
		};
		794218AA1A355F6700F90264 /* Supporting Files */ = {
			isa = PBXGroup;
			children = (
				794218AB1A355F6700F90264 /* Info.plist */,
			);
			name = "Supporting Files";
			sourceTree = "<group>";
		};
/* End PBXGroup section */

/* Begin PBXNativeTarget section */
		794218921A355F6700F90264 /* WelcomePage */ = {
			isa = PBXNativeTarget;
			buildConfigurationList = 794218B01A355F6700F90264 /* Build configuration list for PBXNativeTarget "WelcomePage" */;
			buildPhases = (
				7942188F1A355F6700F90264 /* Sources */,
				794218901A355F6700F90264 /* Frameworks */,
				794218911A355F6700F90264 /* Resources */,
			);
			buildRules = (
			);
			dependencies = (
			);
			name = WelcomePage;
			productName = WelcomePage;
			productReference = 794218931A355F6700F90264 /* WelcomePage.app */;
			productType = "com.apple.product-type.application";
		};
		794218A51A355F6700F90264 /* WelcomePageTests */ = {
			isa = PBXNativeTarget;
			buildConfigurationList = 794218B31A355F6700F90264 /* Build configuration list for PBXNativeTarget "WelcomePageTests" */;
			buildPhases = (
				794218A21A355F6700F90264 /* Sources */,
				794218A31A355F6700F90264 /* Frameworks */,
				794218A41A355F6700F90264 /* Resources */,
			);
			buildRules = (
			);
			dependencies = (
				794218A81A355F6700F90264 /* PBXTargetDependency */,
			);
			name = WelcomePageTests;
			productName = WelcomePageTests;
			productReference = 794218A61A355F6700F90264 /* WelcomePageTests.xctest */;
			productType = "com.apple.product-type.bundle.unit-test";
		};
/* End PBXNativeTarget section */

/* Begin PBXProject section */
		7942188B1A355F6700F90264 /* Project object */ = {
			isa = PBXProject;
			attributes = {
				LastUpgradeCheck = 0610;
				ORGANIZATIONNAME = wangdehuai;
				TargetAttributes = {
					794218921A355F6700F90264 = {
						CreatedOnToolsVersion = 6.1.1;
					};
					794218A51A355F6700F90264 = {
						CreatedOnToolsVersion = 6.1.1;
						TestTargetID = 794218921A355F6700F90264;
					};
				};
			};
			buildConfigurationList = 7942188E1A355F6700F90264 /* Build configuration list for PBXProject "WelcomePage" */;
			compatibilityVersion = "Xcode 3.2";
			developmentRegion = English;
			hasScannedForEncodings = 0;
			knownRegions = (
				en,
				Base,
			);
			mainGroup = 7942188A1A355F6700F90264;
			productRefGroup = 794218941A355F6700F90264 /* Products */;
			projectDirPath = "";
			projectRoot = "";
			targets = (
				794218921A355F6700F90264 /* WelcomePage */,
				794218A51A355F6700F90264 /* WelcomePageTests */,
			);
		};
/* End PBXProject section */

/* Begin PBXResourcesBuildPhase section */
		794218911A355F6700F90264 /* Resources */ = {
			isa = PBXResourcesBuildPhase;
			buildActionMask = 2147483647;
			files = (
				794218A11A355F6700F90264 /* LaunchScreen.xib in Resources */,
				7942189E1A355F6700F90264 /* Images.xcassets in Resources */,
			);
			runOnlyForDeploymentPostprocessing = 0;
		};
		794218A41A355F6700F90264 /* Resources */ = {
			isa = PBXResourcesBuildPhase;
			buildActionMask = 2147483647;
			files = (
			);
			runOnlyForDeploymentPostprocessing = 0;
		};
/* End PBXResourcesBuildPhase section */

/* Begin PBXSourcesBuildPhase section */
		7942188F1A355F6700F90264 /* Sources */ = {
			isa = PBXSourcesBuildPhase;
			buildActionMask = 2147483647;
			files = (
				7942189C1A355F6700F90264 /* AppDelegate.m in Sources */,
				794218BB1A35600300F90264 /* WelcomeViewController.m in Sources */,
				794218991A355F6700F90264 /* main.m in Sources */,
				794218B81A355FBA00F90264 /* RootViewController.m in Sources */,
			);
			runOnlyForDeploymentPostprocessing = 0;
		};
		794218A21A355F6700F90264 /* Sources */ = {
			isa = PBXSourcesBuildPhase;
			buildActionMask = 2147483647;
			files = (
				794218AD1A355F6700F90264 /* WelcomePageTests.m in Sources */,
			);
			runOnlyForDeploymentPostprocessing = 0;
		};
/* End PBXSourcesBuildPhase section */

/* Begin PBXTargetDependency section */
		794218A81A355F6700F90264 /* PBXTargetDependency */ = {
			isa = PBXTargetDependency;
			target = 794218921A355F6700F90264 /* WelcomePage */;
			targetProxy = 794218A71A355F6700F90264 /* PBXContainerItemProxy */;
		};
/* End PBXTargetDependency section */

/* Begin PBXVariantGroup section */
		7942189F1A355F6700F90264 /* LaunchScreen.xib */ = {
			isa = PBXVariantGroup;
			children = (
				794218A01A355F6700F90264 /* Base */,
			);
			name = LaunchScreen.xib;
			sourceTree = "<group>";
		};
/* End PBXVariantGroup section */

/* Begin XCBuildConfiguration section */
		794218AE1A355F6700F90264 /* Debug */ = {
			isa = XCBuildConfiguration;
			buildSettings = {
				ALWAYS_SEARCH_USER_PATHS = NO;
				CLANG_CXX_LANGUAGE_STANDARD = "gnu++0x";
				CLANG_CXX_LIBRARY = "libc++";
				CLANG_ENABLE_MODULES = YES;
				CLANG_ENABLE_OBJC_ARC = YES;
				CLANG_WARN_BOOL_CONVERSION = YES;
				CLANG_WARN_CONSTANT_CONVERSION = YES;
				CLANG_WARN_DIRECT_OBJC_ISA_USAGE = YES_ERROR;
				CLANG_WARN_EMPTY_BODY = YES;
				CLANG_WARN_ENUM_CONVERSION = YES;
				CLANG_WARN_INT_CONVERSION = YES;
				CLANG_WARN_OBJC_ROOT_CLASS = YES_ERROR;
				CLANG_WARN_UNREACHABLE_CODE = YES;
				CLANG_WARN__DUPLICATE_METHOD_MATCH = YES;
				"CODE_SIGN_IDENTITY[sdk=iphoneos*]" = "iPhone Developer";
				COPY_PHASE_STRIP = NO;
				ENABLE_STRICT_OBJC_MSGSEND = YES;
				GCC_C_LANGUAGE_STANDARD = gnu99;
				GCC_DYNAMIC_NO_PIC = NO;
				GCC_OPTIMIZATION_LEVEL = 0;
				GCC_PREPROCESSOR_DEFINITIONS = (
					"DEBUG=1",
					"$(inherited)",
				);
				GCC_SYMBOLS_PRIVATE_EXTERN = NO;
				GCC_WARN_64_TO_32_BIT_CONVERSION = YES;
				GCC_WARN_ABOUT_RETURN_TYPE = YES_ERROR;
				GCC_WARN_UNDECLARED_SELECTOR = YES;
				GCC_WARN_UNINITIALIZED_AUTOS = YES_AGGRESSIVE;
				GCC_WARN_UNUSED_FUNCTION = YES;
				GCC_WARN_UNUSED_VARIABLE = YES;
				IPHONEOS_DEPLOYMENT_TARGET = 8.1;
				MTL_ENABLE_DEBUG_INFO = YES;
				ONLY_ACTIVE_ARCH = YES;
				SDKROOT = iphoneos;
			};
			name = Debug;
		};
		794218AF1A355F6700F90264 /* Release */ = {
			isa = XCBuildConfiguration;
			buildSettings = {
				ALWAYS_SEARCH_USER_PATHS = NO;
				CLANG_CXX_LANGUAGE_STANDARD = "gnu++0x";
				CLANG_CXX_LIBRARY = "libc++";
				CLANG_ENABLE_MODULES = YES;
				CLANG_ENABLE_OBJC_ARC = YES;
				CLANG_WARN_BOOL_CONVERSION = YES;
				CLANG_WARN_CONSTANT_CONVERSION = YES;
				CLANG_WARN_DIRECT_OBJC_ISA_USAGE = YES_ERROR;
				CLANG_WARN_EMPTY_BODY = YES;
				CLANG_WARN_ENUM_CONVERSION = YES;
				CLANG_WARN_INT_CONVERSION = YES;
				CLANG_WARN_OBJC_ROOT_CLASS = YES_ERROR;
				CLANG_WARN_UNREACHABLE_CODE = YES;
				CLANG_WARN__DUPLICATE_METHOD_MATCH = YES;
				"CODE_SIGN_IDENTITY[sdk=iphoneos*]" = "iPhone Developer";
				COPY_PHASE_STRIP = YES;
				ENABLE_NS_ASSERTIONS = NO;
				ENABLE_STRICT_OBJC_MSGSEND = YES;
				GCC_C_LANGUAGE_STANDARD = gnu99;
				GCC_WARN_64_TO_32_BIT_CONVERSION = YES;
				GCC_WARN_ABOUT_RETURN_TYPE = YES_ERROR;
				GCC_WARN_UNDECLARED_SELECTOR = YES;
				GCC_WARN_UNINITIALIZED_AUTOS = YES_AGGRESSIVE;
				GCC_WARN_UNUSED_FUNCTION = YES;
				GCC_WARN_UNUSED_VARIABLE = YES;
				IPHONEOS_DEPLOYMENT_TARGET = 8.1;
				MTL_ENABLE_DEBUG_INFO = NO;
				SDKROOT = iphoneos;
				VALIDATE_PRODUCT = YES;
			};
			name = Release;
		};
		794218B11A355F6700F90264 /* Debug */ = {
			isa = XCBuildConfiguration;
			buildSettings = {
				ASSETCATALOG_COMPILER_APPICON_NAME = AppIcon;
				GCC_PREFIX_HEADER = WelcomePage/PrefixHeader.pch;
				INFOPLIST_FILE = WelcomePage/Info.plist;
				LD_RUNPATH_SEARCH_PATHS = "$(inherited) @executable_path/Frameworks";
				PRODUCT_NAME = "$(TARGET_NAME)";
			};
			name = Debug;
		};
		794218B21A355F6700F90264 /* Release */ = {
			isa = XCBuildConfiguration;
			buildSettings = {
				ASSETCATALOG_COMPILER_APPICON_NAME = AppIcon;
				GCC_PREFIX_HEADER = WelcomePage/PrefixHeader.pch;
				INFOPLIST_FILE = WelcomePage/Info.plist;
				LD_RUNPATH_SEARCH_PATHS = "$(inherited) @executable_path/Frameworks";
				PRODUCT_NAME = "$(TARGET_NAME)";
			};
			name = Release;
		};
		794218B41A355F6700F90264 /* Debug */ = {
			isa = XCBuildConfiguration;
			buildSettings = {
				BUNDLE_LOADER = "$(TEST_HOST)";
				FRAMEWORK_SEARCH_PATHS = (
					"$(SDKROOT)/Developer/Library/Frameworks",
					"$(inherited)",
				);
				GCC_PREPROCESSOR_DEFINITIONS = (
					"DEBUG=1",
					"$(inherited)",
				);
				INFOPLIST_FILE = WelcomePageTests/Info.plist;
				LD_RUNPATH_SEARCH_PATHS = "$(inherited) @executable_path/Frameworks @loader_path/Frameworks";
				PRODUCT_NAME = "$(TARGET_NAME)";
				TEST_HOST = "$(BUILT_PRODUCTS_DIR)/WelcomePage.app/WelcomePage";
			};
			name = Debug;
		};
		794218B51A355F6700F90264 /* Release */ = {
			isa = XCBuildConfiguration;
			buildSettings = {
				BUNDLE_LOADER = "$(TEST_HOST)";
				FRAMEWORK_SEARCH_PATHS = (
					"$(SDKROOT)/Developer/Library/Frameworks",
					"$(inherited)",
				);
				INFOPLIST_FILE = WelcomePageTests/Info.plist;
				LD_RUNPATH_SEARCH_PATHS = "$(inherited) @executable_path/Frameworks @loader_path/Frameworks";
				PRODUCT_NAME = "$(TARGET_NAME)";
				TEST_HOST = "$(BUILT_PRODUCTS_DIR)/WelcomePage.app/WelcomePage";
			};
			name = Release;
		};
/* End XCBuildConfiguration section */

/* Begin XCConfigurationList section */
		7942188E1A355F6700F90264 /* Build configuration list for PBXProject "WelcomePage" */ = {
			isa = XCConfigurationList;
			buildConfigurations = (
				794218AE1A355F6700F90264 /* Debug */,
				794218AF1A355F6700F90264 /* Release */,
			);
			defaultConfigurationIsVisible = 0;
			defaultConfigurationName = Release;
		};
		794218B01A355F6700F90264 /* Build configuration list for PBXNativeTarget "WelcomePage" */ = {
			isa = XCConfigurationList;
			buildConfigurations = (
				794218B11A355F6700F90264 /* Debug */,
				794218B21A355F6700F90264 /* Release */,
			);
			defaultConfigurationIsVisible = 0;
		};
		794218B31A355F6700F90264 /* Build configuration list for PBXNativeTarget "WelcomePageTests" */ = {
			isa = XCConfigurationList;
			buildConfigurations = (
				794218B41A355F6700F90264 /* Debug */,
				794218B51A355F6700F90264 /* Release */,
			);
			defaultConfigurationIsVisible = 0;
		};
/* End XCConfigurationList section */
	};
	rootObject = 7942188B1A355F6700F90264 /* Project object */;
}
